
Microsoft Visual Studio Solution File, Format Version 12.00
# Visual Studio Version 17
VisualStudioVersion = 17.4.33103.184
MinimumVisualStudioVersion = 10.0.40219.1
Project("{8BC9CEB8-8B4A-11D0-8D11-00A0C91BC942}") = "暑期刷题测试", "暑期刷题测试\暑期刷题测试.vcxproj", "{B18768F6-23F8-4153-B7FA-6EAC9DAC62B0}"
EndProject
Project("{8BC9CEB8-8B4A-11D0-8D11-00A0C91BC942}") = "A1046", "A1046\A1046.vcxproj", "{AB7953D5-D4E3-4258-AD12-13A3D5D77C9F}"
EndProject
Project("{8BC9CEB8-8B4A-11D0-8D11-00A0C91BC942}") = "A1065", "A1065\A1065.vcxproj", "{299537EA-A610-4D5F-8118-6C185B763687}"
EndProject
Project("{8BC9CEB8-8B4A-11D0-8D11-00A0C91BC942}") = "B1010", "B1010\B1010.vcxproj", "{5DB40FCF-57CA-458D-979E-3CB5751C2F29}"
EndProject
Project("{8BC9CEB8-8B4A-11D0-8D11-00A0C91BC942}") = "A1002", "A1002\A1002.vcxproj", "{F77264E0-4A9F-4990-AC81-EAADC7B40420}"
EndProject
Project("{8BC9CEB8-8B4A-11D0-8D11-00A0C91BC942}") = "A1009", "A1009\A1009.vcxproj", "{01102B9F-46DF-4C77-B78C-313416847FF1}"
EndProject
Project("{8BC9CEB8-8B4A-11D0-8D11-00A0C91BC942}") = "B1041", "B1041\B1041.vcxproj", "{2128B5B3-2147-4F01-96EF-D401A39E394F}"
EndProject
Project("{8BC9CEB8-8B4A-11D0-8D11-00A0C91BC942}") = "B1004", "B1004\B1004.vcxproj", "{E4D6CC2D-4C6D-450B-B28D-D4B040916FB9}"
EndProject
Project("{8BC9CEB8-8B4A-11D0-8D11-00A0C91BC942}") = "B1028", "B1028\B1028.vcxproj", "{4AAB71DE-3DE9-4657-8769-BADED64BD3D5}"
EndProject
Project("{8BC9CEB8-8B4A-11D0-8D11-00A0C91BC942}") = "A1011", "A1011\A1011.vcxproj", "{FD7B8B23-C0D2-4F3A-B2C6-260A6C747459}"
EndProject
Project("{8BC9CEB8-8B4A-11D0-8D11-00A0C91BC942}") = "A1006", "A1006\A1006.vcxproj", "{823D061D-BC91-4320-AFCE-8E8F07C1D897}"
EndProject
Project("{8BC9CEB8-8B4A-11D0-8D11-00A0C91BC942}") = "A1036", "A1036\A1036.vcxproj", "{987A0B26-9609-40BD-8269-55113C2A41C2}"
EndProject
Project("{8BC9CEB8-8B4A-11D0-8D11-00A0C91BC942}") = "B1027", "B1027\B1027.vcxproj", "{B439BCF6-AC46-41C6-B3AB-C3128717D80B}"
EndProject
Project("{8BC9CEB8-8B4A-11D0-8D11-00A0C91BC942}") = "A1031", "A1031\A1031.vcxproj", "{A667C4B3-CE9A-41AB-9E9C-A98582DA816D}"
EndProject
Project("{8BC9CEB8-8B4A-11D0-8D11-00A0C91BC942}") = "B1037", "B1037\B1037.vcxproj", "{316F4A15-896A-42D1-B4BA-EA36672819E9}"
EndProject
Project("{8BC9CEB8-8B4A-11D0-8D11-00A0C91BC942}") = "A1019", "A1019\A1019.vcxproj", "{702E999D-0E57-455D-8EDA-FC28FD57A72E}"
EndProject
Project("{8BC9CEB8-8B4A-11D0-8D11-00A0C91BC942}") = "A1027", "A1027\A1027.vcxproj", "{C8CEC344-DDDC-4DAB-AF8D-0A382C7FFCF0}"
EndProject
Project("{8BC9CEB8-8B4A-11D0-8D11-00A0C91BC942}") = "A1058", "A1058\A1058.vcxproj", "{826A3D35-D223-4C39-8D3C-713F39608D82}"
EndProject
Project("{8BC9CEB8-8B4A-11D0-8D11-00A0C91BC942}") = "B1006", "B1006\B1006.vcxproj", "{AD7A7CB8-3158-44AC-8CBE-A5052B604A90}"
EndProject
Project("{8BC9CEB8-8B4A-11D0-8D11-00A0C91BC942}") = "B1021", "B1021\B1021.vcxproj", "{9CC25929-2914-4EB4-B793-9AE9A7BFC60D}"
EndProject
Project("{8BC9CEB8-8B4A-11D0-8D11-00A0C91BC942}") = "B1031", "B1031\B1031.vcxproj", "{B7AFC336-C457-411D-8FF7-BEA9462F444F}"
EndProject
Project("{8BC9CEB8-8B4A-11D0-8D11-00A0C91BC942}") = "B1002", "B1002\B1002.vcxproj", "{EA7B61D3-55A2-4442-A85D-4ACF6FE09E68}"
EndProject
Project("{8BC9CEB8-8B4A-11D0-8D11-00A0C91BC942}") = "B1014", "B1014\B1014.vcxproj", "{B6F51E9A-5DB9-448A-A5B2-844DA97DC015}"
EndProject
Project("{8BC9CEB8-8B4A-11D0-8D11-00A0C91BC942}") = "B1024", "B1024\B1024.vcxproj", "{2C5FD6A2-624D-4592-9E82-7D829DA8C154}"
EndProject
Project("{8BC9CEB8-8B4A-11D0-8D11-00A0C91BC942}") = "B1048", "B1048\B1048.vcxproj", "{4F4CABB5-2964-451A-BDE0-D74AB47D3B42}"
EndProject
Project("{8BC9CEB8-8B4A-11D0-8D11-00A0C91BC942}") = "A1001", "A1001\A1001.vcxproj", "{E7CA25C6-FAA4-4CC4-859C-E9EC65F0AD40}"
EndProject
Project("{8BC9CEB8-8B4A-11D0-8D11-00A0C91BC942}") = "A1005", "A1005\A1005.vcxproj", "{768A7511-6D22-4F09-9353-4325965C6E55}"
EndProject
Project("{8BC9CEB8-8B4A-11D0-8D11-00A0C91BC942}") = "A1035", "A1035\A1035.vcxproj", "{57E6680D-7BB3-49A8-9DB9-BBEEDDD61270}"
EndProject
Project("{8BC9CEB8-8B4A-11D0-8D11-00A0C91BC942}") = "A1077", "A1077\A1077.vcxproj", "{6DB2B721-9A4D-45B5-B618-0AE60FD46ABE}"
EndProject
Project("{8BC9CEB8-8B4A-11D0-8D11-00A0C91BC942}") = "A1082", "A1082\A1082.vcxproj", "{ACE33071-18EB-459F-9A6D-0B65A09AA966}"
EndProject
Project("{8BC9CEB8-8B4A-11D0-8D11-00A0C91BC942}") = "B1015", "B1015\B1015.vcxproj", "{047F12B4-D5AC-4D3E-9657-E1D5BAB13757}"
EndProject
Project("{8BC9CEB8-8B4A-11D0-8D11-00A0C91BC942}") = "A1012", "A1012\A1012.vcxproj", "{BD5FB257-1540-47E2-B153-1C07D122E7A8}"
EndProject
Project("{8BC9CEB8-8B4A-11D0-8D11-00A0C91BC942}") = "A1016", "A1016\A1016.vcxproj", "{A8927FE7-1842-43AB-81AD-2143E952DFD3}"
EndProject
Project("{8BC9CEB8-8B4A-11D0-8D11-00A0C91BC942}") = "A1028", "A1028\A1028.vcxproj", "{2BBC8BA9-2F49-4BF3-8B9D-0C42BB11D117}"
EndProject
Project("{8BC9CEB8-8B4A-11D0-8D11-00A0C91BC942}") = "A1055", "A1055\A1055.vcxproj", "{C5D0CCC4-45D8-425D-BA92-A601D5D695F7}"
EndProject
Project("{8BC9CEB8-8B4A-11D0-8D11-00A0C91BC942}") = "A1075", "A1075\A1075.vcxproj", "{1E977F4C-CC0A-4BEC-AD8B-819172307A94}"
EndProject
Project("{8BC9CEB8-8B4A-11D0-8D11-00A0C91BC942}") = "A1083", "A1083\A1083.vcxproj", "{9A503598-2D44-4D32-927E-4FD17A784233}"
EndProject
Project("{8BC9CEB8-8B4A-11D0-8D11-00A0C91BC942}") = "A1080", "A1080\A1080.vcxproj", "{88F7DFF7-2566-44AE-83AF-BA032CFF7A64}"
EndProject
Project("{8BC9CEB8-8B4A-11D0-8D11-00A0C91BC942}") = "A1095", "A1095\A1095.vcxproj", "{8698EAF6-46EA-4EE1-B152-38B1E6A55802}"
EndProject
Project("{8BC9CEB8-8B4A-11D0-8D11-00A0C91BC942}") = "B1029", "B1029\B1029.vcxproj", "{BFCBDBB6-0882-4D62-BDDB-B6BA568A1ACB}"
EndProject
Project("{8BC9CEB8-8B4A-11D0-8D11-00A0C91BC942}") = "B1033", "B1033\B1033.vcxproj", "{37370820-9BD6-4890-873E-329F4CA68F09}"
EndProject
Project("{8BC9CEB8-8B4A-11D0-8D11-00A0C91BC942}") = "B1038", "B1038\B1038.vcxproj", "{FEB6C7E2-4ED2-4B2B-8B1F-1FC2C8AEA270}"
EndProject
Project("{8BC9CEB8-8B4A-11D0-8D11-00A0C91BC942}") = "B1039", "B1039\B1039.vcxproj", "{B87FB29D-25CA-4DA9-B221-74D36B8750C3}"
EndProject
Project("{8BC9CEB8-8B4A-11D0-8D11-00A0C91BC942}") = "B1042", "B1042\B1042.vcxproj", "{AF372E73-9C9D-4C77-BF4D-92F874A783C8}"
EndProject
Project("{8BC9CEB8-8B4A-11D0-8D11-00A0C91BC942}") = "B1043", "B1043\B1043.vcxproj", "{E7F979CB-0AEB-496F-A856-EABFB5ABC267}"
EndProject
Project("{8BC9CEB8-8B4A-11D0-8D11-00A0C91BC942}") = "B1047", "B1047\B1047.vcxproj", "{24D8DC4E-E90F-4717-8036-2CC026E3BFC6}"
EndProject
Project("{8BC9CEB8-8B4A-11D0-8D11-00A0C91BC942}") = "A1041", "A1041\A1041.vcxproj", "{1DA60B33-D326-4F1A-A900-FDB51DE5FCE0}"
EndProject
Project("{8BC9CEB8-8B4A-11D0-8D11-00A0C91BC942}") = "A1050", "A1050\A1050.vcxproj", "{D86D64D7-32A1-414D-AB4E-7DAACC4E872F}"
EndProject
Project("{8BC9CEB8-8B4A-11D0-8D11-00A0C91BC942}") = "B1005", "B1005\B1005.vcxproj", "{F4CEA1DB-5606-489F-A553-C438D9A4605C}"
EndProject
Project("{8BC9CEB8-8B4A-11D0-8D11-00A0C91BC942}") = "A1048", "A1048\A1048.vcxproj", "{A492FB46-4E59-4A1B-906C-254AFE70013C}"
EndProject
Project("{8BC9CEB8-8B4A-11D0-8D11-00A0C91BC942}") = "B1023", "B1023\B1023.vcxproj", "{2B61C36D-6922-435F-9F27-CBEBEC42EF9A}"
EndProject
Project("{8BC9CEB8-8B4A-11D0-8D11-00A0C91BC942}") = "A1033", "A1033\A1033.vcxproj", "{EC80C7E0-162A-466C-A350-ED7D2152C6EA}"
EndProject
Project("{8BC9CEB8-8B4A-11D0-8D11-00A0C91BC942}") = "A1037", "A1037\A1037.vcxproj", "{D64FCE5B-EDA2-40FE-AD88-8BC84D456E06}"
EndProject
Project("{8BC9CEB8-8B4A-11D0-8D11-00A0C91BC942}") = "A1067", "A1067\A1067.vcxproj", "{A58A3654-04BC-4026-804A-6BFFDC3165AE}"
EndProject
Project("{8BC9CEB8-8B4A-11D0-8D11-00A0C91BC942}") = "A1038", "A1038\A1038.vcxproj", "{7E0B1922-9A38-48D8-B75D-D41CC97273F5}"
EndProject
Project("{8BC9CEB8-8B4A-11D0-8D11-00A0C91BC942}") = "B1030", "B1030\B1030.vcxproj", "{14EF0B7F-5296-4326-BEF6-648FA6FF6043}"
EndProject
Project("{8BC9CEB8-8B4A-11D0-8D11-00A0C91BC942}") = "A1010", "A1010\A1010.vcxproj", "{53A28BFF-FACC-4882-B6D5-00057D8C6D7D}"
EndProject
Project("{8BC9CEB8-8B4A-11D0-8D11-00A0C91BC942}") = "A1044", "A1044\A1044.vcxproj", "{DB32DFA2-068F-496E-9AE6-6219FA5131DC}"
EndProject
Project("{8BC9CEB8-8B4A-11D0-8D11-00A0C91BC942}") = "B1040", "B1040\B1040.vcxproj", "{EA65F958-2FB1-4E8B-84BF-A8C5A53EFED6}"
EndProject
Global
	GlobalSection(SolutionConfigurationPlatforms) = preSolution
		Debug|x64 = Debug|x64
		Debug|x86 = Debug|x86
		Release|x64 = Release|x64
		Release|x86 = Release|x86
	EndGlobalSection
	GlobalSection(ProjectConfigurationPlatforms) = postSolution
		{B18768F6-23F8-4153-B7FA-6EAC9DAC62B0}.Debug|x64.ActiveCfg = Debug|x64
		{B18768F6-23F8-4153-B7FA-6EAC9DAC62B0}.Debug|x64.Build.0 = Debug|x64
		{B18768F6-23F8-4153-B7FA-6EAC9DAC62B0}.Debug|x86.ActiveCfg = Debug|Win32
		{B18768F6-23F8-4153-B7FA-6EAC9DAC62B0}.Debug|x86.Build.0 = Debug|Win32
		{B18768F6-23F8-4153-B7FA-6EAC9DAC62B0}.Release|x64.ActiveCfg = Release|x64
		{B18768F6-23F8-4153-B7FA-6EAC9DAC62B0}.Release|x64.Build.0 = Release|x64
		{B18768F6-23F8-4153-B7FA-6EAC9DAC62B0}.Release|x86.ActiveCfg = Release|Win32
		{B18768F6-23F8-4153-B7FA-6EAC9DAC62B0}.Release|x86.Build.0 = Release|Win32
		{AB7953D5-D4E3-4258-AD12-13A3D5D77C9F}.Debug|x64.ActiveCfg = Debug|x64
		{AB7953D5-D4E3-4258-AD12-13A3D5D77C9F}.Debug|x64.Build.0 = Debug|x64
		{AB7953D5-D4E3-4258-AD12-13A3D5D77C9F}.Debug|x86.ActiveCfg = Debug|Win32
		{AB7953D5-D4E3-4258-AD12-13A3D5D77C9F}.Debug|x86.Build.0 = Debug|Win32
		{AB7953D5-D4E3-4258-AD12-13A3D5D77C9F}.Release|x64.ActiveCfg = Release|x64
		{AB7953D5-D4E3-4258-AD12-13A3D5D77C9F}.Release|x64.Build.0 = Release|x64
		{AB7953D5-D4E3-4258-AD12-13A3D5D77C9F}.Release|x86.ActiveCfg = Release|Win32
		{AB7953D5-D4E3-4258-AD12-13A3D5D77C9F}.Release|x86.Build.0 = Release|Win32
		{299537EA-A610-4D5F-8118-6C185B763687}.Debug|x64.ActiveCfg = Debug|x64
		{299537EA-A610-4D5F-8118-6C185B763687}.Debug|x64.Build.0 = Debug|x64
		{299537EA-A610-4D5F-8118-6C185B763687}.Debug|x86.ActiveCfg = Debug|Win32
		{299537EA-A610-4D5F-8118-6C185B763687}.Debug|x86.Build.0 = Debug|Win32
		{299537EA-A610-4D5F-8118-6C185B763687}.Release|x64.ActiveCfg = Release|x64
		{299537EA-A610-4D5F-8118-6C185B763687}.Release|x64.Build.0 = Release|x64
		{299537EA-A610-4D5F-8118-6C185B763687}.Release|x86.ActiveCfg = Release|Win32
		{299537EA-A610-4D5F-8118-6C185B763687}.Release|x86.Build.0 = Release|Win32
		{5DB40FCF-57CA-458D-979E-3CB5751C2F29}.Debug|x64.ActiveCfg = Debug|x64
		{5DB40FCF-57CA-458D-979E-3CB5751C2F29}.Debug|x64.Build.0 = Debug|x64
		{5DB40FCF-57CA-458D-979E-3CB5751C2F29}.Debug|x86.ActiveCfg = Debug|Win32
		{5DB40FCF-57CA-458D-979E-3CB5751C2F29}.Debug|x86.Build.0 = Debug|Win32
		{5DB40FCF-57CA-458D-979E-3CB5751C2F29}.Release|x64.ActiveCfg = Release|x64
		{5DB40FCF-57CA-458D-979E-3CB5751C2F29}.Release|x64.Build.0 = Release|x64
		{5DB40FCF-57CA-458D-979E-3CB5751C2F29}.Release|x86.ActiveCfg = Release|Win32
		{5DB40FCF-57CA-458D-979E-3CB5751C2F29}.Release|x86.Build.0 = Release|Win32
		{F77264E0-4A9F-4990-AC81-EAADC7B40420}.Debug|x64.ActiveCfg = Debug|x64
		{F77264E0-4A9F-4990-AC81-EAADC7B40420}.Debug|x64.Build.0 = Debug|x64
		{F77264E0-4A9F-4990-AC81-EAADC7B40420}.Debug|x86.ActiveCfg = Debug|Win32
		{F77264E0-4A9F-4990-AC81-EAADC7B40420}.Debug|x86.Build.0 = Debug|Win32
		{F77264E0-4A9F-4990-AC81-EAADC7B40420}.Release|x64.ActiveCfg = Release|x64
		{F77264E0-4A9F-4990-AC81-EAADC7B40420}.Release|x64.Build.0 = Release|x64
		{F77264E0-4A9F-4990-AC81-EAADC7B40420}.Release|x86.ActiveCfg = Release|Win32
		{F77264E0-4A9F-4990-AC81-EAADC7B40420}.Release|x86.Build.0 = Release|Win32
		{01102B9F-46DF-4C77-B78C-313416847FF1}.Debug|x64.ActiveCfg = Debug|x64
		{01102B9F-46DF-4C77-B78C-313416847FF1}.Debug|x64.Build.0 = Debug|x64
		{01102B9F-46DF-4C77-B78C-313416847FF1}.Debug|x86.ActiveCfg = Debug|Win32
		{01102B9F-46DF-4C77-B78C-313416847FF1}.Debug|x86.Build.0 = Debug|Win32
		{01102B9F-46DF-4C77-B78C-313416847FF1}.Release|x64.ActiveCfg = Release|x64
		{01102B9F-46DF-4C77-B78C-313416847FF1}.Release|x64.Build.0 = Release|x64
		{01102B9F-46DF-4C77-B78C-313416847FF1}.Release|x86.ActiveCfg = Release|Win32
		{01102B9F-46DF-4C77-B78C-313416847FF1}.Release|x86.Build.0 = Release|Win32
		{2128B5B3-2147-4F01-96EF-D401A39E394F}.Debug|x64.ActiveCfg = Debug|x64
		{2128B5B3-2147-4F01-96EF-D401A39E394F}.Debug|x64.Build.0 = Debug|x64
		{2128B5B3-2147-4F01-96EF-D401A39E394F}.Debug|x86.ActiveCfg = Debug|Win32
		{2128B5B3-2147-4F01-96EF-D401A39E394F}.Debug|x86.Build.0 = Debug|Win32
		{2128B5B3-2147-4F01-96EF-D401A39E394F}.Release|x64.ActiveCfg = Release|x64
		{2128B5B3-2147-4F01-96EF-D401A39E394F}.Release|x64.Build.0 = Release|x64
		{2128B5B3-2147-4F01-96EF-D401A39E394F}.Release|x86.ActiveCfg = Release|Win32
		{2128B5B3-2147-4F01-96EF-D401A39E394F}.Release|x86.Build.0 = Release|Win32
		{E4D6CC2D-4C6D-450B-B28D-D4B040916FB9}.Debug|x64.ActiveCfg = Debug|x64
		{E4D6CC2D-4C6D-450B-B28D-D4B040916FB9}.Debug|x64.Build.0 = Debug|x64
		{E4D6CC2D-4C6D-450B-B28D-D4B040916FB9}.Debug|x86.ActiveCfg = Debug|Win32
		{E4D6CC2D-4C6D-450B-B28D-D4B040916FB9}.Debug|x86.Build.0 = Debug|Win32
		{E4D6CC2D-4C6D-450B-B28D-D4B040916FB9}.Release|x64.ActiveCfg = Release|x64
		{E4D6CC2D-4C6D-450B-B28D-D4B040916FB9}.Release|x64.Build.0 = Release|x64
		{E4D6CC2D-4C6D-450B-B28D-D4B040916FB9}.Release|x86.ActiveCfg = Release|Win32
		{E4D6CC2D-4C6D-450B-B28D-D4B040916FB9}.Release|x86.Build.0 = Release|Win32
		{4AAB71DE-3DE9-4657-8769-BADED64BD3D5}.Debug|x64.ActiveCfg = Debug|x64
		{4AAB71DE-3DE9-4657-8769-BADED64BD3D5}.Debug|x64.Build.0 = Debug|x64
		{4AAB71DE-3DE9-4657-8769-BADED64BD3D5}.Debug|x86.ActiveCfg = Debug|Win32
		{4AAB71DE-3DE9-4657-8769-BADED64BD3D5}.Debug|x86.Build.0 = Debug|Win32
		{4AAB71DE-3DE9-4657-8769-BADED64BD3D5}.Release|x64.ActiveCfg = Release|x64
		{4AAB71DE-3DE9-4657-8769-BADED64BD3D5}.Release|x64.Build.0 = Release|x64
		{4AAB71DE-3DE9-4657-8769-BADED64BD3D5}.Release|x86.ActiveCfg = Release|Win32
		{4AAB71DE-3DE9-4657-8769-BADED64BD3D5}.Release|x86.Build.0 = Release|Win32
		{FD7B8B23-C0D2-4F3A-B2C6-260A6C747459}.Debug|x64.ActiveCfg = Debug|x64
		{FD7B8B23-C0D2-4F3A-B2C6-260A6C747459}.Debug|x64.Build.0 = Debug|x64
		{FD7B8B23-C0D2-4F3A-B2C6-260A6C747459}.Debug|x86.ActiveCfg = Debug|Win32
		{FD7B8B23-C0D2-4F3A-B2C6-260A6C747459}.Debug|x86.Build.0 = Debug|Win32
		{FD7B8B23-C0D2-4F3A-B2C6-260A6C747459}.Release|x64.ActiveCfg = Release|x64
		{FD7B8B23-C0D2-4F3A-B2C6-260A6C747459}.Release|x64.Build.0 = Release|x64
		{FD7B8B23-C0D2-4F3A-B2C6-260A6C747459}.Release|x86.ActiveCfg = Release|Win32
		{FD7B8B23-C0D2-4F3A-B2C6-260A6C747459}.Release|x86.Build.0 = Release|Win32
		{823D061D-BC91-4320-AFCE-8E8F07C1D897}.Debug|x64.ActiveCfg = Debug|x64
		{823D061D-BC91-4320-AFCE-8E8F07C1D897}.Debug|x64.Build.0 = Debug|x64
		{823D061D-BC91-4320-AFCE-8E8F07C1D897}.Debug|x86.ActiveCfg = Debug|Win32
		{823D061D-BC91-4320-AFCE-8E8F07C1D897}.Debug|x86.Build.0 = Debug|Win32
		{823D061D-BC91-4320-AFCE-8E8F07C1D897}.Release|x64.ActiveCfg = Release|x64
		{823D061D-BC91-4320-AFCE-8E8F07C1D897}.Release|x64.Build.0 = Release|x64
		{823D061D-BC91-4320-AFCE-8E8F07C1D897}.Release|x86.ActiveCfg = Release|Win32
		{823D061D-BC91-4320-AFCE-8E8F07C1D897}.Release|x86.Build.0 = Release|Win32
		{987A0B26-9609-40BD-8269-55113C2A41C2}.Debug|x64.ActiveCfg = Debug|x64
		{987A0B26-9609-40BD-8269-55113C2A41C2}.Debug|x64.Build.0 = Debug|x64
		{987A0B26-9609-40BD-8269-55113C2A41C2}.Debug|x86.ActiveCfg = Debug|Win32
		{987A0B26-9609-40BD-8269-55113C2A41C2}.Debug|x86.Build.0 = Debug|Win32
		{987A0B26-9609-40BD-8269-55113C2A41C2}.Release|x64.ActiveCfg = Release|x64
		{987A0B26-9609-40BD-8269-55113C2A41C2}.Release|x64.Build.0 = Release|x64
		{987A0B26-9609-40BD-8269-55113C2A41C2}.Release|x86.ActiveCfg = Release|Win32
		{987A0B26-9609-40BD-8269-55113C2A41C2}.Release|x86.Build.0 = Release|Win32
		{B439BCF6-AC46-41C6-B3AB-C3128717D80B}.Debug|x64.ActiveCfg = Debug|x64
		{B439BCF6-AC46-41C6-B3AB-C3128717D80B}.Debug|x64.Build.0 = Debug|x64
		{B439BCF6-AC46-41C6-B3AB-C3128717D80B}.Debug|x86.ActiveCfg = Debug|Win32
		{B439BCF6-AC46-41C6-B3AB-C3128717D80B}.Debug|x86.Build.0 = Debug|Win32
		{B439BCF6-AC46-41C6-B3AB-C3128717D80B}.Release|x64.ActiveCfg = Release|x64
		{B439BCF6-AC46-41C6-B3AB-C3128717D80B}.Release|x64.Build.0 = Release|x64
		{B439BCF6-AC46-41C6-B3AB-C3128717D80B}.Release|x86.ActiveCfg = Release|Win32
		{B439BCF6-AC46-41C6-B3AB-C3128717D80B}.Release|x86.Build.0 = Release|Win32
		{A667C4B3-CE9A-41AB-9E9C-A98582DA816D}.Debug|x64.ActiveCfg = Debug|x64
		{A667C4B3-CE9A-41AB-9E9C-A98582DA816D}.Debug|x64.Build.0 = Debug|x64
		{A667C4B3-CE9A-41AB-9E9C-A98582DA816D}.Debug|x86.ActiveCfg = Debug|Win32
		{A667C4B3-CE9A-41AB-9E9C-A98582DA816D}.Debug|x86.Build.0 = Debug|Win32
		{A667C4B3-CE9A-41AB-9E9C-A98582DA816D}.Release|x64.ActiveCfg = Release|x64
		{A667C4B3-CE9A-41AB-9E9C-A98582DA816D}.Release|x64.Build.0 = Release|x64
		{A667C4B3-CE9A-41AB-9E9C-A98582DA816D}.Release|x86.ActiveCfg = Release|Win32
		{A667C4B3-CE9A-41AB-9E9C-A98582DA816D}.Release|x86.Build.0 = Release|Win32
		{316F4A15-896A-42D1-B4BA-EA36672819E9}.Debug|x64.ActiveCfg = Debug|x64
		{316F4A15-896A-42D1-B4BA-EA36672819E9}.Debug|x64.Build.0 = Debug|x64
		{316F4A15-896A-42D1-B4BA-EA36672819E9}.Debug|x86.ActiveCfg = Debug|Win32
		{316F4A15-896A-42D1-B4BA-EA36672819E9}.Debug|x86.Build.0 = Debug|Win32
		{316F4A15-896A-42D1-B4BA-EA36672819E9}.Release|x64.ActiveCfg = Release|x64
		{316F4A15-896A-42D1-B4BA-EA36672819E9}.Release|x64.Build.0 = Release|x64
		{316F4A15-896A-42D1-B4BA-EA36672819E9}.Release|x86.ActiveCfg = Release|Win32
		{316F4A15-896A-42D1-B4BA-EA36672819E9}.Release|x86.Build.0 = Release|Win32
		{702E999D-0E57-455D-8EDA-FC28FD57A72E}.Debug|x64.ActiveCfg = Debug|x64
		{702E999D-0E57-455D-8EDA-FC28FD57A72E}.Debug|x64.Build.0 = Debug|x64
		{702E999D-0E57-455D-8EDA-FC28FD57A72E}.Debug|x86.ActiveCfg = Debug|Win32
		{702E999D-0E57-455D-8EDA-FC28FD57A72E}.Debug|x86.Build.0 = Debug|Win32
		{702E999D-0E57-455D-8EDA-FC28FD57A72E}.Release|x64.ActiveCfg = Release|x64
		{702E999D-0E57-455D-8EDA-FC28FD57A72E}.Release|x64.Build.0 = Release|x64
		{702E999D-0E57-455D-8EDA-FC28FD57A72E}.Release|x86.ActiveCfg = Release|Win32
		{702E999D-0E57-455D-8EDA-FC28FD57A72E}.Release|x86.Build.0 = Release|Win32
		{C8CEC344-DDDC-4DAB-AF8D-0A382C7FFCF0}.Debug|x64.ActiveCfg = Debug|x64
		{C8CEC344-DDDC-4DAB-AF8D-0A382C7FFCF0}.Debug|x64.Build.0 = Debug|x64
		{C8CEC344-DDDC-4DAB-AF8D-0A382C7FFCF0}.Debug|x86.ActiveCfg = Debug|Win32
		{C8CEC344-DDDC-4DAB-AF8D-0A382C7FFCF0}.Debug|x86.Build.0 = Debug|Win32
		{C8CEC344-DDDC-4DAB-AF8D-0A382C7FFCF0}.Release|x64.ActiveCfg = Release|x64
		{C8CEC344-DDDC-4DAB-AF8D-0A382C7FFCF0}.Release|x64.Build.0 = Release|x64
		{C8CEC344-DDDC-4DAB-AF8D-0A382C7FFCF0}.Release|x86.ActiveCfg = Release|Win32
		{C8CEC344-DDDC-4DAB-AF8D-0A382C7FFCF0}.Release|x86.Build.0 = Release|Win32
		{826A3D35-D223-4C39-8D3C-713F39608D82}.Debug|x64.ActiveCfg = Debug|x64
		{826A3D35-D223-4C39-8D3C-713F39608D82}.Debug|x64.Build.0 = Debug|x64
		{826A3D35-D223-4C39-8D3C-713F39608D82}.Debug|x86.ActiveCfg = Debug|Win32
		{826A3D35-D223-4C39-8D3C-713F39608D82}.Debug|x86.Build.0 = Debug|Win32
		{826A3D35-D223-4C39-8D3C-713F39608D82}.Release|x64.ActiveCfg = Release|x64
		{826A3D35-D223-4C39-8D3C-713F39608D82}.Release|x64.Build.0 = Release|x64
		{826A3D35-D223-4C39-8D3C-713F39608D82}.Release|x86.ActiveCfg = Release|Win32
		{826A3D35-D223-4C39-8D3C-713F39608D82}.Release|x86.Build.0 = Release|Win32
		{AD7A7CB8-3158-44AC-8CBE-A5052B604A90}.Debug|x64.ActiveCfg = Debug|x64
		{AD7A7CB8-3158-44AC-8CBE-A5052B604A90}.Debug|x64.Build.0 = Debug|x64
		{AD7A7CB8-3158-44AC-8CBE-A5052B604A90}.Debug|x86.ActiveCfg = Debug|Win32
		{AD7A7CB8-3158-44AC-8CBE-A5052B604A90}.Debug|x86.Build.0 = Debug|Win32
		{AD7A7CB8-3158-44AC-8CBE-A5052B604A90}.Release|x64.ActiveCfg = Release|x64
		{AD7A7CB8-3158-44AC-8CBE-A5052B604A90}.Release|x64.Build.0 = Release|x64
		{AD7A7CB8-3158-44AC-8CBE-A5052B604A90}.Release|x86.ActiveCfg = Release|Win32
		{AD7A7CB8-3158-44AC-8CBE-A5052B604A90}.Release|x86.Build.0 = Release|Win32
		{9CC25929-2914-4EB4-B793-9AE9A7BFC60D}.Debug|x64.ActiveCfg = Debug|x64
		{9CC25929-2914-4EB4-B793-9AE9A7BFC60D}.Debug|x64.Build.0 = Debug|x64
		{9CC25929-2914-4EB4-B793-9AE9A7BFC60D}.Debug|x86.ActiveCfg = Debug|Win32
		{9CC25929-2914-4EB4-B793-9AE9A7BFC60D}.Debug|x86.Build.0 = Debug|Win32
		{9CC25929-2914-4EB4-B793-9AE9A7BFC60D}.Release|x64.ActiveCfg = Release|x64
		{9CC25929-2914-4EB4-B793-9AE9A7BFC60D}.Release|x64.Build.0 = Release|x64
		{9CC25929-2914-4EB4-B793-9AE9A7BFC60D}.Release|x86.ActiveCfg = Release|Win32
		{9CC25929-2914-4EB4-B793-9AE9A7BFC60D}.Release|x86.Build.0 = Release|Win32
		{B7AFC336-C457-411D-8FF7-BEA9462F444F}.Debug|x64.ActiveCfg = Debug|x64
		{B7AFC336-C457-411D-8FF7-BEA9462F444F}.Debug|x64.Build.0 = Debug|x64
		{B7AFC336-C457-411D-8FF7-BEA9462F444F}.Debug|x86.ActiveCfg = Debug|Win32
		{B7AFC336-C457-411D-8FF7-BEA9462F444F}.Debug|x86.Build.0 = Debug|Win32
		{B7AFC336-C457-411D-8FF7-BEA9462F444F}.Release|x64.ActiveCfg = Release|x64
		{B7AFC336-C457-411D-8FF7-BEA9462F444F}.Release|x64.Build.0 = Release|x64
		{B7AFC336-C457-411D-8FF7-BEA9462F444F}.Release|x86.ActiveCfg = Release|Win32
		{B7AFC336-C457-411D-8FF7-BEA9462F444F}.Release|x86.Build.0 = Release|Win32
		{EA7B61D3-55A2-4442-A85D-4ACF6FE09E68}.Debug|x64.ActiveCfg = Debug|x64
		{EA7B61D3-55A2-4442-A85D-4ACF6FE09E68}.Debug|x64.Build.0 = Debug|x64
		{EA7B61D3-55A2-4442-A85D-4ACF6FE09E68}.Debug|x86.ActiveCfg = Debug|Win32
		{EA7B61D3-55A2-4442-A85D-4ACF6FE09E68}.Debug|x86.Build.0 = Debug|Win32
		{EA7B61D3-55A2-4442-A85D-4ACF6FE09E68}.Release|x64.ActiveCfg = Release|x64
		{EA7B61D3-55A2-4442-A85D-4ACF6FE09E68}.Release|x64.Build.0 = Release|x64
		{EA7B61D3-55A2-4442-A85D-4ACF6FE09E68}.Release|x86.ActiveCfg = Release|Win32
		{EA7B61D3-55A2-4442-A85D-4ACF6FE09E68}.Release|x86.Build.0 = Release|Win32
		{B6F51E9A-5DB9-448A-A5B2-844DA97DC015}.Debug|x64.ActiveCfg = Debug|x64
		{B6F51E9A-5DB9-448A-A5B2-844DA97DC015}.Debug|x64.Build.0 = Debug|x64
		{B6F51E9A-5DB9-448A-A5B2-844DA97DC015}.Debug|x86.ActiveCfg = Debug|Win32
		{B6F51E9A-5DB9-448A-A5B2-844DA97DC015}.Debug|x86.Build.0 = Debug|Win32
		{B6F51E9A-5DB9-448A-A5B2-844DA97DC015}.Release|x64.ActiveCfg = Release|x64
		{B6F51E9A-5DB9-448A-A5B2-844DA97DC015}.Release|x64.Build.0 = Release|x64
		{B6F51E9A-5DB9-448A-A5B2-844DA97DC015}.Release|x86.ActiveCfg = Release|Win32
		{B6F51E9A-5DB9-448A-A5B2-844DA97DC015}.Release|x86.Build.0 = Release|Win32
		{2C5FD6A2-624D-4592-9E82-7D829DA8C154}.Debug|x64.ActiveCfg = Debug|x64
		{2C5FD6A2-624D-4592-9E82-7D829DA8C154}.Debug|x64.Build.0 = Debug|x64
		{2C5FD6A2-624D-4592-9E82-7D829DA8C154}.Debug|x86.ActiveCfg = Debug|Win32
		{2C5FD6A2-624D-4592-9E82-7D829DA8C154}.Debug|x86.Build.0 = Debug|Win32
		{2C5FD6A2-624D-4592-9E82-7D829DA8C154}.Release|x64.ActiveCfg = Release|x64
		{2C5FD6A2-624D-4592-9E82-7D829DA8C154}.Release|x64.Build.0 = Release|x64
		{2C5FD6A2-624D-4592-9E82-7D829DA8C154}.Release|x86.ActiveCfg = Release|Win32
		{2C5FD6A2-624D-4592-9E82-7D829DA8C154}.Release|x86.Build.0 = Release|Win32
		{4F4CABB5-2964-451A-BDE0-D74AB47D3B42}.Debug|x64.ActiveCfg = Debug|x64
		{4F4CABB5-2964-451A-BDE0-D74AB47D3B42}.Debug|x64.Build.0 = Debug|x64
		{4F4CABB5-2964-451A-BDE0-D74AB47D3B42}.Debug|x86.ActiveCfg = Debug|Win32
		{4F4CABB5-2964-451A-BDE0-D74AB47D3B42}.Debug|x86.Build.0 = Debug|Win32
		{4F4CABB5-2964-451A-BDE0-D74AB47D3B42}.Release|x64.ActiveCfg = Release|x64
		{4F4CABB5-2964-451A-BDE0-D74AB47D3B42}.Release|x64.Build.0 = Release|x64
		{4F4CABB5-2964-451A-BDE0-D74AB47D3B42}.Release|x86.ActiveCfg = Release|Win32
		{4F4CABB5-2964-451A-BDE0-D74AB47D3B42}.Release|x86.Build.0 = Release|Win32
		{E7CA25C6-FAA4-4CC4-859C-E9EC65F0AD40}.Debug|x64.ActiveCfg = Debug|x64
		{E7CA25C6-FAA4-4CC4-859C-E9EC65F0AD40}.Debug|x64.Build.0 = Debug|x64
		{E7CA25C6-FAA4-4CC4-859C-E9EC65F0AD40}.Debug|x86.ActiveCfg = Debug|Win32
		{E7CA25C6-FAA4-4CC4-859C-E9EC65F0AD40}.Debug|x86.Build.0 = Debug|Win32
		{E7CA25C6-FAA4-4CC4-859C-E9EC65F0AD40}.Release|x64.ActiveCfg = Release|x64
		{E7CA25C6-FAA4-4CC4-859C-E9EC65F0AD40}.Release|x64.Build.0 = Release|x64
		{E7CA25C6-FAA4-4CC4-859C-E9EC65F0AD40}.Release|x86.ActiveCfg = Release|Win32
		{E7CA25C6-FAA4-4CC4-859C-E9EC65F0AD40}.Release|x86.Build.0 = Release|Win32
		{768A7511-6D22-4F09-9353-4325965C6E55}.Debug|x64.ActiveCfg = Debug|x64
		{768A7511-6D22-4F09-9353-4325965C6E55}.Debug|x64.Build.0 = Debug|x64
		{768A7511-6D22-4F09-9353-4325965C6E55}.Debug|x86.ActiveCfg = Debug|Win32
		{768A7511-6D22-4F09-9353-4325965C6E55}.Debug|x86.Build.0 = Debug|Win32
		{768A7511-6D22-4F09-9353-4325965C6E55}.Release|x64.ActiveCfg = Release|x64
		{768A7511-6D22-4F09-9353-4325965C6E55}.Release|x64.Build.0 = Release|x64
		{768A7511-6D22-4F09-9353-4325965C6E55}.Release|x86.ActiveCfg = Release|Win32
		{768A7511-6D22-4F09-9353-4325965C6E55}.Release|x86.Build.0 = Release|Win32
		{57E6680D-7BB3-49A8-9DB9-BBEEDDD61270}.Debug|x64.ActiveCfg = Debug|x64
		{57E6680D-7BB3-49A8-9DB9-BBEEDDD61270}.Debug|x64.Build.0 = Debug|x64
		{57E6680D-7BB3-49A8-9DB9-BBEEDDD61270}.Debug|x86.ActiveCfg = Debug|Win32
		{57E6680D-7BB3-49A8-9DB9-BBEEDDD61270}.Debug|x86.Build.0 = Debug|Win32
		{57E6680D-7BB3-49A8-9DB9-BBEEDDD61270}.Release|x64.ActiveCfg = Release|x64
		{57E6680D-7BB3-49A8-9DB9-BBEEDDD61270}.Release|x64.Build.0 = Release|x64
		{57E6680D-7BB3-49A8-9DB9-BBEEDDD61270}.Release|x86.ActiveCfg = Release|Win32
		{57E6680D-7BB3-49A8-9DB9-BBEEDDD61270}.Release|x86.Build.0 = Release|Win32
		{6DB2B721-9A4D-45B5-B618-0AE60FD46ABE}.Debug|x64.ActiveCfg = Debug|x64
		{6DB2B721-9A4D-45B5-B618-0AE60FD46ABE}.Debug|x64.Build.0 = Debug|x64
		{6DB2B721-9A4D-45B5-B618-0AE60FD46ABE}.Debug|x86.ActiveCfg = Debug|Win32
		{6DB2B721-9A4D-45B5-B618-0AE60FD46ABE}.Debug|x86.Build.0 = Debug|Win32
		{6DB2B721-9A4D-45B5-B618-0AE60FD46ABE}.Release|x64.ActiveCfg = Release|x64
		{6DB2B721-9A4D-45B5-B618-0AE60FD46ABE}.Release|x64.Build.0 = Release|x64
		{6DB2B721-9A4D-45B5-B618-0AE60FD46ABE}.Release|x86.ActiveCfg = Release|Win32
		{6DB2B721-9A4D-45B5-B618-0AE60FD46ABE}.Release|x86.Build.0 = Release|Win32
		{ACE33071-18EB-459F-9A6D-0B65A09AA966}.Debug|x64.ActiveCfg = Debug|x64
		{ACE33071-18EB-459F-9A6D-0B65A09AA966}.Debug|x64.Build.0 = Debug|x64
		{ACE33071-18EB-459F-9A6D-0B65A09AA966}.Debug|x86.ActiveCfg = Debug|Win32
		{ACE33071-18EB-459F-9A6D-0B65A09AA966}.Debug|x86.Build.0 = Debug|Win32
		{ACE33071-18EB-459F-9A6D-0B65A09AA966}.Release|x64.ActiveCfg = Release|x64
		{ACE33071-18EB-459F-9A6D-0B65A09AA966}.Release|x64.Build.0 = Release|x64
		{ACE33071-18EB-459F-9A6D-0B65A09AA966}.Release|x86.ActiveCfg = Release|Win32
		{ACE33071-18EB-459F-9A6D-0B65A09AA966}.Release|x86.Build.0 = Release|Win32
		{047F12B4-D5AC-4D3E-9657-E1D5BAB13757}.Debug|x64.ActiveCfg = Debug|x64
		{047F12B4-D5AC-4D3E-9657-E1D5BAB13757}.Debug|x64.Build.0 = Debug|x64
		{047F12B4-D5AC-4D3E-9657-E1D5BAB13757}.Debug|x86.ActiveCfg = Debug|Win32
		{047F12B4-D5AC-4D3E-9657-E1D5BAB13757}.Debug|x86.Build.0 = Debug|Win32
		{047F12B4-D5AC-4D3E-9657-E1D5BAB13757}.Release|x64.ActiveCfg = Release|x64
		{047F12B4-D5AC-4D3E-9657-E1D5BAB13757}.Release|x64.Build.0 = Release|x64
		{047F12B4-D5AC-4D3E-9657-E1D5BAB13757}.Release|x86.ActiveCfg = Release|Win32
		{047F12B4-D5AC-4D3E-9657-E1D5BAB13757}.Release|x86.Build.0 = Release|Win32
		{BD5FB257-1540-47E2-B153-1C07D122E7A8}.Debug|x64.ActiveCfg = Debug|x64
		{BD5FB257-1540-47E2-B153-1C07D122E7A8}.Debug|x64.Build.0 = Debug|x64
		{BD5FB257-1540-47E2-B153-1C07D122E7A8}.Debug|x86.ActiveCfg = Debug|Win32
		{BD5FB257-1540-47E2-B153-1C07D122E7A8}.Debug|x86.Build.0 = Debug|Win32
		{BD5FB257-1540-47E2-B153-1C07D122E7A8}.Release|x64.ActiveCfg = Release|x64
		{BD5FB257-1540-47E2-B153-1C07D122E7A8}.Release|x64.Build.0 = Release|x64
		{BD5FB257-1540-47E2-B153-1C07D122E7A8}.Release|x86.ActiveCfg = Release|Win32
		{BD5FB257-1540-47E2-B153-1C07D122E7A8}.Release|x86.Build.0 = Release|Win32
		{A8927FE7-1842-43AB-81AD-2143E952DFD3}.Debug|x64.ActiveCfg = Debug|x64
		{A8927FE7-1842-43AB-81AD-2143E952DFD3}.Debug|x64.Build.0 = Debug|x64
		{A8927FE7-1842-43AB-81AD-2143E952DFD3}.Debug|x86.ActiveCfg = Debug|Win32
		{A8927FE7-1842-43AB-81AD-2143E952DFD3}.Debug|x86.Build.0 = Debug|Win32
		{A8927FE7-1842-43AB-81AD-2143E952DFD3}.Release|x64.ActiveCfg = Release|x64
		{A8927FE7-1842-43AB-81AD-2143E952DFD3}.Release|x64.Build.0 = Release|x64
		{A8927FE7-1842-43AB-81AD-2143E952DFD3}.Release|x86.ActiveCfg = Release|Win32
		{A8927FE7-1842-43AB-81AD-2143E952DFD3}.Release|x86.Build.0 = Release|Win32
		{2BBC8BA9-2F49-4BF3-8B9D-0C42BB11D117}.Debug|x64.ActiveCfg = Debug|x64
		{2BBC8BA9-2F49-4BF3-8B9D-0C42BB11D117}.Debug|x64.Build.0 = Debug|x64
		{2BBC8BA9-2F49-4BF3-8B9D-0C42BB11D117}.Debug|x86.ActiveCfg = Debug|Win32
		{2BBC8BA9-2F49-4BF3-8B9D-0C42BB11D117}.Debug|x86.Build.0 = Debug|Win32
		{2BBC8BA9-2F49-4BF3-8B9D-0C42BB11D117}.Release|x64.ActiveCfg = Release|x64
		{2BBC8BA9-2F49-4BF3-8B9D-0C42BB11D117}.Release|x64.Build.0 = Release|x64
		{2BBC8BA9-2F49-4BF3-8B9D-0C42BB11D117}.Release|x86.ActiveCfg = Release|Win32
		{2BBC8BA9-2F49-4BF3-8B9D-0C42BB11D117}.Release|x86.Build.0 = Release|Win32
		{C5D0CCC4-45D8-425D-BA92-A601D5D695F7}.Debug|x64.ActiveCfg = Debug|x64
		{C5D0CCC4-45D8-425D-BA92-A601D5D695F7}.Debug|x64.Build.0 = Debug|x64
		{C5D0CCC4-45D8-425D-BA92-A601D5D695F7}.Debug|x86.ActiveCfg = Debug|Win32
		{C5D0CCC4-45D8-425D-BA92-A601D5D695F7}.Debug|x86.Build.0 = Debug|Win32
		{C5D0CCC4-45D8-425D-BA92-A601D5D695F7}.Release|x64.ActiveCfg = Release|x64
		{C5D0CCC4-45D8-425D-BA92-A601D5D695F7}.Release|x64.Build.0 = Release|x64
		{C5D0CCC4-45D8-425D-BA92-A601D5D695F7}.Release|x86.ActiveCfg = Release|Win32
		{C5D0CCC4-45D8-425D-BA92-A601D5D695F7}.Release|x86.Build.0 = Release|Win32
		{1E977F4C-CC0A-4BEC-AD8B-819172307A94}.Debug|x64.ActiveCfg = Debug|x64
		{1E977F4C-CC0A-4BEC-AD8B-819172307A94}.Debug|x64.Build.0 = Debug|x64
		{1E977F4C-CC0A-4BEC-AD8B-819172307A94}.Debug|x86.ActiveCfg = Debug|Win32
		{1E977F4C-CC0A-4BEC-AD8B-819172307A94}.Debug|x86.Build.0 = Debug|Win32
		{1E977F4C-CC0A-4BEC-AD8B-819172307A94}.Release|x64.ActiveCfg = Release|x64
		{1E977F4C-CC0A-4BEC-AD8B-819172307A94}.Release|x64.Build.0 = Release|x64
		{1E977F4C-CC0A-4BEC-AD8B-819172307A94}.Release|x86.ActiveCfg = Release|Win32
		{1E977F4C-CC0A-4BEC-AD8B-819172307A94}.Release|x86.Build.0 = Release|Win32
		{9A503598-2D44-4D32-927E-4FD17A784233}.Debug|x64.ActiveCfg = Debug|x64
		{9A503598-2D44-4D32-927E-4FD17A784233}.Debug|x64.Build.0 = Debug|x64
		{9A503598-2D44-4D32-927E-4FD17A784233}.Debug|x86.ActiveCfg = Debug|Win32
		{9A503598-2D44-4D32-927E-4FD17A784233}.Debug|x86.Build.0 = Debug|Win32
		{9A503598-2D44-4D32-927E-4FD17A784233}.Release|x64.ActiveCfg = Release|x64
		{9A503598-2D44-4D32-927E-4FD17A784233}.Release|x64.Build.0 = Release|x64
		{9A503598-2D44-4D32-927E-4FD17A784233}.Release|x86.ActiveCfg = Release|Win32
		{9A503598-2D44-4D32-927E-4FD17A784233}.Release|x86.Build.0 = Release|Win32
		{88F7DFF7-2566-44AE-83AF-BA032CFF7A64}.Debug|x64.ActiveCfg = Debug|x64
		{88F7DFF7-2566-44AE-83AF-BA032CFF7A64}.Debug|x64.Build.0 = Debug|x64
		{88F7DFF7-2566-44AE-83AF-BA032CFF7A64}.Debug|x86.ActiveCfg = Debug|Win32
		{88F7DFF7-2566-44AE-83AF-BA032CFF7A64}.Debug|x86.Build.0 = Debug|Win32
		{88F7DFF7-2566-44AE-83AF-BA032CFF7A64}.Release|x64.ActiveCfg = Release|x64
		{88F7DFF7-2566-44AE-83AF-BA032CFF7A64}.Release|x64.Build.0 = Release|x64
		{88F7DFF7-2566-44AE-83AF-BA032CFF7A64}.Release|x86.ActiveCfg = Release|Win32
		{88F7DFF7-2566-44AE-83AF-BA032CFF7A64}.Release|x86.Build.0 = Release|Win32
		{8698EAF6-46EA-4EE1-B152-38B1E6A55802}.Debug|x64.ActiveCfg = Debug|x64
		{8698EAF6-46EA-4EE1-B152-38B1E6A55802}.Debug|x64.Build.0 = Debug|x64
		{8698EAF6-46EA-4EE1-B152-38B1E6A55802}.Debug|x86.ActiveCfg = Debug|Win32
		{8698EAF6-46EA-4EE1-B152-38B1E6A55802}.Debug|x86.Build.0 = Debug|Win32
		{8698EAF6-46EA-4EE1-B152-38B1E6A55802}.Release|x64.ActiveCfg = Release|x64
		{8698EAF6-46EA-4EE1-B152-38B1E6A55802}.Release|x64.Build.0 = Release|x64
		{8698EAF6-46EA-4EE1-B152-38B1E6A55802}.Release|x86.ActiveCfg = Release|Win32
		{8698EAF6-46EA-4EE1-B152-38B1E6A55802}.Release|x86.Build.0 = Release|Win32
		{BFCBDBB6-0882-4D62-BDDB-B6BA568A1ACB}.Debug|x64.ActiveCfg = Debug|x64
		{BFCBDBB6-0882-4D62-BDDB-B6BA568A1ACB}.Debug|x64.Build.0 = Debug|x64
		{BFCBDBB6-0882-4D62-BDDB-B6BA568A1ACB}.Debug|x86.ActiveCfg = Debug|Win32
		{BFCBDBB6-0882-4D62-BDDB-B6BA568A1ACB}.Debug|x86.Build.0 = Debug|Win32
		{BFCBDBB6-0882-4D62-BDDB-B6BA568A1ACB}.Release|x64.ActiveCfg = Release|x64
		{BFCBDBB6-0882-4D62-BDDB-B6BA568A1ACB}.Release|x64.Build.0 = Release|x64
		{BFCBDBB6-0882-4D62-BDDB-B6BA568A1ACB}.Release|x86.ActiveCfg = Release|Win32
		{BFCBDBB6-0882-4D62-BDDB-B6BA568A1ACB}.Release|x86.Build.0 = Release|Win32
		{37370820-9BD6-4890-873E-329F4CA68F09}.Debug|x64.ActiveCfg = Debug|x64
		{37370820-9BD6-4890-873E-329F4CA68F09}.Debug|x64.Build.0 = Debug|x64
		{37370820-9BD6-4890-873E-329F4CA68F09}.Debug|x86.ActiveCfg = Debug|Win32
		{37370820-9BD6-4890-873E-329F4CA68F09}.Debug|x86.Build.0 = Debug|Win32
		{37370820-9BD6-4890-873E-329F4CA68F09}.Release|x64.ActiveCfg = Release|x64
		{37370820-9BD6-4890-873E-329F4CA68F09}.Release|x64.Build.0 = Release|x64
		{37370820-9BD6-4890-873E-329F4CA68F09}.Release|x86.ActiveCfg = Release|Win32
		{37370820-9BD6-4890-873E-329F4CA68F09}.Release|x86.Build.0 = Release|Win32
		{FEB6C7E2-4ED2-4B2B-8B1F-1FC2C8AEA270}.Debug|x64.ActiveCfg = Debug|x64
		{FEB6C7E2-4ED2-4B2B-8B1F-1FC2C8AEA270}.Debug|x64.Build.0 = Debug|x64
		{FEB6C7E2-4ED2-4B2B-8B1F-1FC2C8AEA270}.Debug|x86.ActiveCfg = Debug|Win32
		{FEB6C7E2-4ED2-4B2B-8B1F-1FC2C8AEA270}.Debug|x86.Build.0 = Debug|Win32
		{FEB6C7E2-4ED2-4B2B-8B1F-1FC2C8AEA270}.Release|x64.ActiveCfg = Release|x64
		{FEB6C7E2-4ED2-4B2B-8B1F-1FC2C8AEA270}.Release|x64.Build.0 = Release|x64
		{FEB6C7E2-4ED2-4B2B-8B1F-1FC2C8AEA270}.Release|x86.ActiveCfg = Release|Win32
		{FEB6C7E2-4ED2-4B2B-8B1F-1FC2C8AEA270}.Release|x86.Build.0 = Release|Win32
		{B87FB29D-25CA-4DA9-B221-74D36B8750C3}.Debug|x64.ActiveCfg = Debug|x64
		{B87FB29D-25CA-4DA9-B221-74D36B8750C3}.Debug|x64.Build.0 = Debug|x64
		{B87FB29D-25CA-4DA9-B221-74D36B8750C3}.Debug|x86.ActiveCfg = Debug|Win32
		{B87FB29D-25CA-4DA9-B221-74D36B8750C3}.Debug|x86.Build.0 = Debug|Win32
		{B87FB29D-25CA-4DA9-B221-74D36B8750C3}.Release|x64.ActiveCfg = Release|x64
		{B87FB29D-25CA-4DA9-B221-74D36B8750C3}.Release|x64.Build.0 = Release|x64
		{B87FB29D-25CA-4DA9-B221-74D36B8750C3}.Release|x86.ActiveCfg = Release|Win32
		{B87FB29D-25CA-4DA9-B221-74D36B8750C3}.Release|x86.Build.0 = Release|Win32
		{AF372E73-9C9D-4C77-BF4D-92F874A783C8}.Debug|x64.ActiveCfg = Debug|x64
		{AF372E73-9C9D-4C77-BF4D-92F874A783C8}.Debug|x64.Build.0 = Debug|x64
		{AF372E73-9C9D-4C77-BF4D-92F874A783C8}.Debug|x86.ActiveCfg = Debug|Win32
		{AF372E73-9C9D-4C77-BF4D-92F874A783C8}.Debug|x86.Build.0 = Debug|Win32
		{AF372E73-9C9D-4C77-BF4D-92F874A783C8}.Release|x64.ActiveCfg = Release|x64
		{AF372E73-9C9D-4C77-BF4D-92F874A783C8}.Release|x64.Build.0 = Release|x64
		{AF372E73-9C9D-4C77-BF4D-92F874A783C8}.Release|x86.ActiveCfg = Release|Win32
		{AF372E73-9C9D-4C77-BF4D-92F874A783C8}.Release|x86.Build.0 = Release|Win32
		{E7F979CB-0AEB-496F-A856-EABFB5ABC267}.Debug|x64.ActiveCfg = Debug|x64
		{E7F979CB-0AEB-496F-A856-EABFB5ABC267}.Debug|x64.Build.0 = Debug|x64
		{E7F979CB-0AEB-496F-A856-EABFB5ABC267}.Debug|x86.ActiveCfg = Debug|Win32
		{E7F979CB-0AEB-496F-A856-EABFB5ABC267}.Debug|x86.Build.0 = Debug|Win32
		{E7F979CB-0AEB-496F-A856-EABFB5ABC267}.Release|x64.ActiveCfg = Release|x64
		{E7F979CB-0AEB-496F-A856-EABFB5ABC267}.Release|x64.Build.0 = Release|x64
		{E7F979CB-0AEB-496F-A856-EABFB5ABC267}.Release|x86.ActiveCfg = Release|Win32
		{E7F979CB-0AEB-496F-A856-EABFB5ABC267}.Release|x86.Build.0 = Release|Win32
		{24D8DC4E-E90F-4717-8036-2CC026E3BFC6}.Debug|x64.ActiveCfg = Debug|x64
		{24D8DC4E-E90F-4717-8036-2CC026E3BFC6}.Debug|x64.Build.0 = Debug|x64
		{24D8DC4E-E90F-4717-8036-2CC026E3BFC6}.Debug|x86.ActiveCfg = Debug|Win32
		{24D8DC4E-E90F-4717-8036-2CC026E3BFC6}.Debug|x86.Build.0 = Debug|Win32
		{24D8DC4E-E90F-4717-8036-2CC026E3BFC6}.Release|x64.ActiveCfg = Release|x64
		{24D8DC4E-E90F-4717-8036-2CC026E3BFC6}.Release|x64.Build.0 = Release|x64
		{24D8DC4E-E90F-4717-8036-2CC026E3BFC6}.Release|x86.ActiveCfg = Release|Win32
		{24D8DC4E-E90F-4717-8036-2CC026E3BFC6}.Release|x86.Build.0 = Release|Win32
		{1DA60B33-D326-4F1A-A900-FDB51DE5FCE0}.Debug|x64.ActiveCfg = Debug|x64
		{1DA60B33-D326-4F1A-A900-FDB51DE5FCE0}.Debug|x64.Build.0 = Debug|x64
		{1DA60B33-D326-4F1A-A900-FDB51DE5FCE0}.Debug|x86.ActiveCfg = Debug|Win32
		{1DA60B33-D326-4F1A-A900-FDB51DE5FCE0}.Debug|x86.Build.0 = Debug|Win32
		{1DA60B33-D326-4F1A-A900-FDB51DE5FCE0}.Release|x64.ActiveCfg = Release|x64
		{1DA60B33-D326-4F1A-A900-FDB51DE5FCE0}.Release|x64.Build.0 = Release|x64
		{1DA60B33-D326-4F1A-A900-FDB51DE5FCE0}.Release|x86.ActiveCfg = Release|Win32
		{1DA60B33-D326-4F1A-A900-FDB51DE5FCE0}.Release|x86.Build.0 = Release|Win32
		{D86D64D7-32A1-414D-AB4E-7DAACC4E872F}.Debug|x64.ActiveCfg = Debug|x64
		{D86D64D7-32A1-414D-AB4E-7DAACC4E872F}.Debug|x64.Build.0 = Debug|x64
		{D86D64D7-32A1-414D-AB4E-7DAACC4E872F}.Debug|x86.ActiveCfg = Debug|Win32
		{D86D64D7-32A1-414D-AB4E-7DAACC4E872F}.Debug|x86.Build.0 = Debug|Win32
		{D86D64D7-32A1-414D-AB4E-7DAACC4E872F}.Release|x64.ActiveCfg = Release|x64
		{D86D64D7-32A1-414D-AB4E-7DAACC4E872F}.Release|x64.Build.0 = Release|x64
		{D86D64D7-32A1-414D-AB4E-7DAACC4E872F}.Release|x86.ActiveCfg = Release|Win32
		{D86D64D7-32A1-414D-AB4E-7DAACC4E872F}.Release|x86.Build.0 = Release|Win32
		{F4CEA1DB-5606-489F-A553-C438D9A4605C}.Debug|x64.ActiveCfg = Debug|x64
		{F4CEA1DB-5606-489F-A553-C438D9A4605C}.Debug|x64.Build.0 = Debug|x64
		{F4CEA1DB-5606-489F-A553-C438D9A4605C}.Debug|x86.ActiveCfg = Debug|Win32
		{F4CEA1DB-5606-489F-A553-C438D9A4605C}.Debug|x86.Build.0 = Debug|Win32
		{F4CEA1DB-5606-489F-A553-C438D9A4605C}.Release|x64.ActiveCfg = Release|x64
		{F4CEA1DB-5606-489F-A553-C438D9A4605C}.Release|x64.Build.0 = Release|x64
		{F4CEA1DB-5606-489F-A553-C438D9A4605C}.Release|x86.ActiveCfg = Release|Win32
		{F4CEA1DB-5606-489F-A553-C438D9A4605C}.Release|x86.Build.0 = Release|Win32
		{A492FB46-4E59-4A1B-906C-254AFE70013C}.Debug|x64.ActiveCfg = Debug|x64
		{A492FB46-4E59-4A1B-906C-254AFE70013C}.Debug|x64.Build.0 = Debug|x64
		{A492FB46-4E59-4A1B-906C-254AFE70013C}.Debug|x86.ActiveCfg = Debug|Win32
		{A492FB46-4E59-4A1B-906C-254AFE70013C}.Debug|x86.Build.0 = Debug|Win32
		{A492FB46-4E59-4A1B-906C-254AFE70013C}.Release|x64.ActiveCfg = Release|x64
		{A492FB46-4E59-4A1B-906C-254AFE70013C}.Release|x64.Build.0 = Release|x64
		{A492FB46-4E59-4A1B-906C-254AFE70013C}.Release|x86.ActiveCfg = Release|Win32
		{A492FB46-4E59-4A1B-906C-254AFE70013C}.Release|x86.Build.0 = Release|Win32
		{2B61C36D-6922-435F-9F27-CBEBEC42EF9A}.Debug|x64.ActiveCfg = Debug|x64
		{2B61C36D-6922-435F-9F27-CBEBEC42EF9A}.Debug|x64.Build.0 = Debug|x64
		{2B61C36D-6922-435F-9F27-CBEBEC42EF9A}.Debug|x86.ActiveCfg = Debug|Win32
		{2B61C36D-6922-435F-9F27-CBEBEC42EF9A}.Debug|x86.Build.0 = Debug|Win32
		{2B61C36D-6922-435F-9F27-CBEBEC42EF9A}.Release|x64.ActiveCfg = Release|x64
		{2B61C36D-6922-435F-9F27-CBEBEC42EF9A}.Release|x64.Build.0 = Release|x64
		{2B61C36D-6922-435F-9F27-CBEBEC42EF9A}.Release|x86.ActiveCfg = Release|Win32
		{2B61C36D-6922-435F-9F27-CBEBEC42EF9A}.Release|x86.Build.0 = Release|Win32
		{EC80C7E0-162A-466C-A350-ED7D2152C6EA}.Debug|x64.ActiveCfg = Debug|x64
		{EC80C7E0-162A-466C-A350-ED7D2152C6EA}.Debug|x64.Build.0 = Debug|x64
		{EC80C7E0-162A-466C-A350-ED7D2152C6EA}.Debug|x86.ActiveCfg = Debug|Win32
		{EC80C7E0-162A-466C-A350-ED7D2152C6EA}.Debug|x86.Build.0 = Debug|Win32
		{EC80C7E0-162A-466C-A350-ED7D2152C6EA}.Release|x64.ActiveCfg = Release|x64
		{EC80C7E0-162A-466C-A350-ED7D2152C6EA}.Release|x64.Build.0 = Release|x64
		{EC80C7E0-162A-466C-A350-ED7D2152C6EA}.Release|x86.ActiveCfg = Release|Win32
		{EC80C7E0-162A-466C-A350-ED7D2152C6EA}.Release|x86.Build.0 = Release|Win32
		{D64FCE5B-EDA2-40FE-AD88-8BC84D456E06}.Debug|x64.ActiveCfg = Debug|x64
		{D64FCE5B-EDA2-40FE-AD88-8BC84D456E06}.Debug|x64.Build.0 = Debug|x64
		{D64FCE5B-EDA2-40FE-AD88-8BC84D456E06}.Debug|x86.ActiveCfg = Debug|Win32
		{D64FCE5B-EDA2-40FE-AD88-8BC84D456E06}.Debug|x86.Build.0 = Debug|Win32
		{D64FCE5B-EDA2-40FE-AD88-8BC84D456E06}.Release|x64.ActiveCfg = Release|x64
		{D64FCE5B-EDA2-40FE-AD88-8BC84D456E06}.Release|x64.Build.0 = Release|x64
		{D64FCE5B-EDA2-40FE-AD88-8BC84D456E06}.Release|x86.ActiveCfg = Release|Win32
		{D64FCE5B-EDA2-40FE-AD88-8BC84D456E06}.Release|x86.Build.0 = Release|Win32
		{A58A3654-04BC-4026-804A-6BFFDC3165AE}.Debug|x64.ActiveCfg = Debug|x64
		{A58A3654-04BC-4026-804A-6BFFDC3165AE}.Debug|x64.Build.0 = Debug|x64
		{A58A3654-04BC-4026-804A-6BFFDC3165AE}.Debug|x86.ActiveCfg = Debug|Win32
		{A58A3654-04BC-4026-804A-6BFFDC3165AE}.Debug|x86.Build.0 = Debug|Win32
		{A58A3654-04BC-4026-804A-6BFFDC3165AE}.Release|x64.ActiveCfg = Release|x64
		{A58A3654-04BC-4026-804A-6BFFDC3165AE}.Release|x64.Build.0 = Release|x64
		{A58A3654-04BC-4026-804A-6BFFDC3165AE}.Release|x86.ActiveCfg = Release|Win32
		{A58A3654-04BC-4026-804A-6BFFDC3165AE}.Release|x86.Build.0 = Release|Win32
		{7E0B1922-9A38-48D8-B75D-D41CC97273F5}.Debug|x64.ActiveCfg = Debug|x64
		{7E0B1922-9A38-48D8-B75D-D41CC97273F5}.Debug|x64.Build.0 = Debug|x64
		{7E0B1922-9A38-48D8-B75D-D41CC97273F5}.Debug|x86.ActiveCfg = Debug|Win32
		{7E0B1922-9A38-48D8-B75D-D41CC97273F5}.Debug|x86.Build.0 = Debug|Win32
		{7E0B1922-9A38-48D8-B75D-D41CC97273F5}.Release|x64.ActiveCfg = Release|x64
		{7E0B1922-9A38-48D8-B75D-D41CC97273F5}.Release|x64.Build.0 = Release|x64
		{7E0B1922-9A38-48D8-B75D-D41CC97273F5}.Release|x86.ActiveCfg = Release|Win32
		{7E0B1922-9A38-48D8-B75D-D41CC97273F5}.Release|x86.Build.0 = Release|Win32
		{14EF0B7F-5296-4326-BEF6-648FA6FF6043}.Debug|x64.ActiveCfg = Debug|x64
		{14EF0B7F-5296-4326-BEF6-648FA6FF6043}.Debug|x64.Build.0 = Debug|x64
		{14EF0B7F-5296-4326-BEF6-648FA6FF6043}.Debug|x86.ActiveCfg = Debug|Win32
		{14EF0B7F-5296-4326-BEF6-648FA6FF6043}.Debug|x86.Build.0 = Debug|Win32
		{14EF0B7F-5296-4326-BEF6-648FA6FF6043}.Release|x64.ActiveCfg = Release|x64
		{14EF0B7F-5296-4326-BEF6-648FA6FF6043}.Release|x64.Build.0 = Release|x64
		{14EF0B7F-5296-4326-BEF6-648FA6FF6043}.Release|x86.ActiveCfg = Release|Win32
		{14EF0B7F-5296-4326-BEF6-648FA6FF6043}.Release|x86.Build.0 = Release|Win32
		{53A28BFF-FACC-4882-B6D5-00057D8C6D7D}.Debug|x64.ActiveCfg = Debug|x64
		{53A28BFF-FACC-4882-B6D5-00057D8C6D7D}.Debug|x64.Build.0 = Debug|x64
		{53A28BFF-FACC-4882-B6D5-00057D8C6D7D}.Debug|x86.ActiveCfg = Debug|Win32
		{53A28BFF-FACC-4882-B6D5-00057D8C6D7D}.Debug|x86.Build.0 = Debug|Win32
		{53A28BFF-FACC-4882-B6D5-00057D8C6D7D}.Release|x64.ActiveCfg = Release|x64
		{53A28BFF-FACC-4882-B6D5-00057D8C6D7D}.Release|x64.Build.0 = Release|x64
		{53A28BFF-FACC-4882-B6D5-00057D8C6D7D}.Release|x86.ActiveCfg = Release|Win32
		{53A28BFF-FACC-4882-B6D5-00057D8C6D7D}.Release|x86.Build.0 = Release|Win32
		{DB32DFA2-068F-496E-9AE6-6219FA5131DC}.Debug|x64.ActiveCfg = Debug|x64
		{DB32DFA2-068F-496E-9AE6-6219FA5131DC}.Debug|x64.Build.0 = Debug|x64
		{DB32DFA2-068F-496E-9AE6-6219FA5131DC}.Debug|x86.ActiveCfg = Debug|Win32
		{DB32DFA2-068F-496E-9AE6-6219FA5131DC}.Debug|x86.Build.0 = Debug|Win32
		{DB32DFA2-068F-496E-9AE6-6219FA5131DC}.Release|x64.ActiveCfg = Release|x64
		{DB32DFA2-068F-496E-9AE6-6219FA5131DC}.Release|x64.Build.0 = Release|x64
		{DB32DFA2-068F-496E-9AE6-6219FA5131DC}.Release|x86.ActiveCfg = Release|Win32
		{DB32DFA2-068F-496E-9AE6-6219FA5131DC}.Release|x86.Build.0 = Release|Win32
		{EA65F958-2FB1-4E8B-84BF-A8C5A53EFED6}.Debug|x64.ActiveCfg = Debug|x64
		{EA65F958-2FB1-4E8B-84BF-A8C5A53EFED6}.Debug|x64.Build.0 = Debug|x64
		{EA65F958-2FB1-4E8B-84BF-A8C5A53EFED6}.Debug|x86.ActiveCfg = Debug|Win32
		{EA65F958-2FB1-4E8B-84BF-A8C5A53EFED6}.Debug|x86.Build.0 = Debug|Win32
		{EA65F958-2FB1-4E8B-84BF-A8C5A53EFED6}.Release|x64.ActiveCfg = Release|x64
		{EA65F958-2FB1-4E8B-84BF-A8C5A53EFED6}.Release|x64.Build.0 = Release|x64
		{EA65F958-2FB1-4E8B-84BF-A8C5A53EFED6}.Release|x86.ActiveCfg = Release|Win32
		{EA65F958-2FB1-4E8B-84BF-A8C5A53EFED6}.Release|x86.Build.0 = Release|Win32
	EndGlobalSection
	GlobalSection(SolutionProperties) = preSolution
		HideSolutionNode = FALSE
	EndGlobalSection
	GlobalSection(ExtensibilityGlobals) = postSolution
		SolutionGuid = {CEB7F1FF-581B-4CD4-9EB1-938E3CB76BF0}
	EndGlobalSection
EndGlobal
